
Microsoft Visual Studio Solution File, Format Version 12.00
# Visual Studio 15
VisualStudioVersion = 15.0.26124.0
MinimumVisualStudioVersion = 15.0.26124.0
Project("{2150E333-8FDC-42A3-9474-1A3956D46DE8}") = "Akkamart", "Akkamart", "{E611A981-6EEB-42EA-AA7F-020C499811B4}"
EndProject
Project("{FAE04EC0-301F-11D3-BF4B-00C04F79EFBC}") = "Credentials", "Akkamart\Credentials\Credentials.csproj", "{7B670400-BBDC-463A-A735-1616023B33CB}"
EndProject
Project("{FAE04EC0-301F-11D3-BF4B-00C04F79EFBC}") = "Gateway", "Akkamart\Gateway\Gateway.csproj", "{C3BCB559-7EEC-4E71-A4E7-B673C9359C12}"
EndProject
Project("{FAE04EC0-301F-11D3-BF4B-00C04F79EFBC}") = "Memberships", "Akkamart\Memberships\Memberships.csproj", "{D63C948A-BD45-489C-9A8C-79FF0B3678F5}"
EndProject
Project("{FAE04EC0-301F-11D3-BF4B-00C04F79EFBC}") = "Messangers", "Akkamart\Messangers\Messangers.csproj", "{03FC3A1D-1D77-43C6-AC97-5F27E22B89AB}"
EndProject
Project("{FAE04EC0-301F-11D3-BF4B-00C04F79EFBC}") = "Seed1", "Akkamart\Seed1\Seed1.csproj", "{85676288-0780-4A84-B197-3C3C478B95C7}"
EndProject
Project("{FAE04EC0-301F-11D3-BF4B-00C04F79EFBC}") = "Seed2", "Akkamart\Seed2\Seed2.csproj", "{932FBC81-F82D-4418-9918-E08683C517F2}"
EndProject
Project("{FAE04EC0-301F-11D3-BF4B-00C04F79EFBC}") = "Shared", "Akkamart\Shared\Shared.csproj", "{60EC9FBB-2BA1-4F73-B881-E82B2A682903}"
EndProject
Global
	GlobalSection(SolutionConfigurationPlatforms) = preSolution
		Debug|Any CPU = Debug|Any CPU
		Debug|x64 = Debug|x64
		Debug|x86 = Debug|x86
		Release|Any CPU = Release|Any CPU
		Release|x64 = Release|x64
		Release|x86 = Release|x86
	EndGlobalSection
	GlobalSection(SolutionProperties) = preSolution
		HideSolutionNode = FALSE
	EndGlobalSection
	GlobalSection(ProjectConfigurationPlatforms) = postSolution
		{7B670400-BBDC-463A-A735-1616023B33CB}.Debug|Any CPU.ActiveCfg = Debug|Any CPU
		{7B670400-BBDC-463A-A735-1616023B33CB}.Debug|Any CPU.Build.0 = Debug|Any CPU
		{7B670400-BBDC-463A-A735-1616023B33CB}.Debug|x64.ActiveCfg = Debug|Any CPU
		{7B670400-BBDC-463A-A735-1616023B33CB}.Debug|x64.Build.0 = Debug|Any CPU
		{7B670400-BBDC-463A-A735-1616023B33CB}.Debug|x86.ActiveCfg = Debug|Any CPU
		{7B670400-BBDC-463A-A735-1616023B33CB}.Debug|x86.Build.0 = Debug|Any CPU
		{7B670400-BBDC-463A-A735-1616023B33CB}.Release|Any CPU.ActiveCfg = Release|Any CPU
		{7B670400-BBDC-463A-A735-1616023B33CB}.Release|Any CPU.Build.0 = Release|Any CPU
		{7B670400-BBDC-463A-A735-1616023B33CB}.Release|x64.ActiveCfg = Release|Any CPU
		{7B670400-BBDC-463A-A735-1616023B33CB}.Release|x64.Build.0 = Release|Any CPU
		{7B670400-BBDC-463A-A735-1616023B33CB}.Release|x86.ActiveCfg = Release|Any CPU
		{7B670400-BBDC-463A-A735-1616023B33CB}.Release|x86.Build.0 = Release|Any CPU
		{C3BCB559-7EEC-4E71-A4E7-B673C9359C12}.Debug|Any CPU.ActiveCfg = Debug|Any CPU
		{C3BCB559-7EEC-4E71-A4E7-B673C9359C12}.Debug|Any CPU.Build.0 = Debug|Any CPU
		{C3BCB559-7EEC-4E71-A4E7-B673C9359C12}.Debug|x64.ActiveCfg = Debug|Any CPU
		{C3BCB559-7EEC-4E71-A4E7-B673C9359C12}.Debug|x64.Build.0 = Debug|Any CPU
		{C3BCB559-7EEC-4E71-A4E7-B673C9359C12}.Debug|x86.ActiveCfg = Debug|Any CPU
		{C3BCB559-7EEC-4E71-A4E7-B673C9359C12}.Debug|x86.Build.0 = Debug|Any CPU
		{C3BCB559-7EEC-4E71-A4E7-B673C9359C12}.Release|Any CPU.ActiveCfg = Release|Any CPU
		{C3BCB559-7EEC-4E71-A4E7-B673C9359C12}.Release|Any CPU.Build.0 = Release|Any CPU
		{C3BCB559-7EEC-4E71-A4E7-B673C9359C12}.Release|x64.ActiveCfg = Release|Any CPU
		{C3BCB559-7EEC-4E71-A4E7-B673C9359C12}.Release|x64.Build.0 = Release|Any CPU
		{C3BCB559-7EEC-4E71-A4E7-B673C9359C12}.Release|x86.ActiveCfg = Release|Any CPU
		{C3BCB559-7EEC-4E71-A4E7-B673C9359C12}.Release|x86.Build.0 = Release|Any CPU
		{D63C948A-BD45-489C-9A8C-79FF0B3678F5}.Debug|Any CPU.ActiveCfg = Debug|Any CPU
		{D63C948A-BD45-489C-9A8C-79FF0B3678F5}.Debug|Any CPU.Build.0 = Debug|Any CPU
		{D63C948A-BD45-489C-9A8C-79FF0B3678F5}.Debug|x64.ActiveCfg = Debug|Any CPU
		{D63C948A-BD45-489C-9A8C-79FF0B3678F5}.Debug|x64.Build.0 = Debug|Any CPU
		{D63C948A-BD45-489C-9A8C-79FF0B3678F5}.Debug|x86.ActiveCfg = Debug|Any CPU
		{D63C948A-BD45-489C-9A8C-79FF0B3678F5}.Debug|x86.Build.0 = Debug|Any CPU
		{D63C948A-BD45-489C-9A8C-79FF0B3678F5}.Release|Any CPU.ActiveCfg = Release|Any CPU
		{D63C948A-BD45-489C-9A8C-79FF0B3678F5}.Release|Any CPU.Build.0 = Release|Any CPU
		{D63C948A-BD45-489C-9A8C-79FF0B3678F5}.Release|x64.ActiveCfg = Release|Any CPU
		{D63C948A-BD45-489C-9A8C-79FF0B3678F5}.Release|x64.Build.0 = Release|Any CPU
		{D63C948A-BD45-489C-9A8C-79FF0B3678F5}.Release|x86.ActiveCfg = Release|Any CPU
		{D63C948A-BD45-489C-9A8C-79FF0B3678F5}.Release|x86.Build.0 = Release|Any CPU
		{03FC3A1D-1D77-43C6-AC97-5F27E22B89AB}.Debug|Any CPU.ActiveCfg = Debug|Any CPU
		{03FC3A1D-1D77-43C6-AC97-5F27E22B89AB}.Debug|Any CPU.Build.0 = Debug|Any CPU
		{03FC3A1D-1D77-43C6-AC97-5F27E22B89AB}.Debug|x64.ActiveCfg = Debug|Any CPU
		{03FC3A1D-1D77-43C6-AC97-5F27E22B89AB}.Debug|x64.Build.0 = Debug|Any CPU
		{03FC3A1D-1D77-43C6-AC97-5F27E22B89AB}.Debug|x86.ActiveCfg = Debug|Any CPU
		{03FC3A1D-1D77-43C6-AC97-5F27E22B89AB}.Debug|x86.Build.0 = Debug|Any CPU
		{03FC3A1D-1D77-43C6-AC97-5F27E22B89AB}.Release|Any CPU.ActiveCfg = Release|Any CPU
		{03FC3A1D-1D77-43C6-AC97-5F27E22B89AB}.Release|Any CPU.Build.0 = Release|Any CPU
		{03FC3A1D-1D77-43C6-AC97-5F27E22B89AB}.Release|x64.ActiveCfg = Release|Any CPU
		{03FC3A1D-1D77-43C6-AC97-5F27E22B89AB}.Release|x64.Build.0 = Release|Any CPU
		{03FC3A1D-1D77-43C6-AC97-5F27E22B89AB}.Release|x86.ActiveCfg = Release|Any CPU
		{03FC3A1D-1D77-43C6-AC97-5F27E22B89AB}.Release|x86.Build.0 = Release|Any CPU
		{85676288-0780-4A84-B197-3C3C478B95C7}.Debug|Any CPU.ActiveCfg = Debug|Any CPU
		{85676288-0780-4A84-B197-3C3C478B95C7}.Debug|Any CPU.Build.0 = Debug|Any CPU
		{85676288-0780-4A84-B197-3C3C478B95C7}.Debug|x64.ActiveCfg = Debug|Any CPU
		{85676288-0780-4A84-B197-3C3C478B95C7}.Debug|x64.Build.0 = Debug|Any CPU
		{85676288-0780-4A84-B197-3C3C478B95C7}.Debug|x86.ActiveCfg = Debug|Any CPU
		{85676288-0780-4A84-B197-3C3C478B95C7}.Debug|x86.Build.0 = Debug|Any CPU
		{85676288-0780-4A84-B197-3C3C478B95C7}.Release|Any CPU.ActiveCfg = Release|Any CPU
		{85676288-0780-4A84-B197-3C3C478B95C7}.Release|Any CPU.Build.0 = Release|Any CPU
		{85676288-0780-4A84-B197-3C3C478B95C7}.Release|x64.ActiveCfg = Release|Any CPU
		{85676288-0780-4A84-B197-3C3C478B95C7}.Release|x64.Build.0 = Release|Any CPU
		{85676288-0780-4A84-B197-3C3C478B95C7}.Release|x86.ActiveCfg = Release|Any CPU
		{85676288-0780-4A84-B197-3C3C478B95C7}.Release|x86.Build.0 = Release|Any CPU
		{932FBC81-F82D-4418-9918-E08683C517F2}.Debug|Any CPU.ActiveCfg = Debug|Any CPU
		{932FBC81-F82D-4418-9918-E08683C517F2}.Debug|Any CPU.Build.0 = Debug|Any CPU
		{932FBC81-F82D-4418-9918-E08683C517F2}.Debug|x64.ActiveCfg = Debug|Any CPU
		{932FBC81-F82D-4418-9918-E08683C517F2}.Debug|x64.Build.0 = Debug|Any CPU
		{932FBC81-F82D-4418-9918-E08683C517F2}.Debug|x86.ActiveCfg = Debug|Any CPU
		{932FBC81-F82D-4418-9918-E08683C517F2}.Debug|x86.Build.0 = Debug|Any CPU
		{932FBC81-F82D-4418-9918-E08683C517F2}.Release|Any CPU.ActiveCfg = Release|Any CPU
		{932FBC81-F82D-4418-9918-E08683C517F2}.Release|Any CPU.Build.0 = Release|Any CPU
		{932FBC81-F82D-4418-9918-E08683C517F2}.Release|x64.ActiveCfg = Release|Any CPU
		{932FBC81-F82D-4418-9918-E08683C517F2}.Release|x64.Build.0 = Release|Any CPU
		{932FBC81-F82D-4418-9918-E08683C517F2}.Release|x86.ActiveCfg = Release|Any CPU
		{932FBC81-F82D-4418-9918-E08683C517F2}.Release|x86.Build.0 = Release|Any CPU
		{60EC9FBB-2BA1-4F73-B881-E82B2A682903}.Debug|Any CPU.ActiveCfg = Debug|Any CPU
		{60EC9FBB-2BA1-4F73-B881-E82B2A682903}.Debug|Any CPU.Build.0 = Debug|Any CPU
		{60EC9FBB-2BA1-4F73-B881-E82B2A682903}.Debug|x64.ActiveCfg = Debug|Any CPU
		{60EC9FBB-2BA1-4F73-B881-E82B2A682903}.Debug|x64.Build.0 = Debug|Any CPU
		{60EC9FBB-2BA1-4F73-B881-E82B2A682903}.Debug|x86.ActiveCfg = Debug|Any CPU
		{60EC9FBB-2BA1-4F73-B881-E82B2A682903}.Debug|x86.Build.0 = Debug|Any CPU
		{60EC9FBB-2BA1-4F73-B881-E82B2A682903}.Release|Any CPU.ActiveCfg = Release|Any CPU
		{60EC9FBB-2BA1-4F73-B881-E82B2A682903}.Release|Any CPU.Build.0 = Release|Any CPU
		{60EC9FBB-2BA1-4F73-B881-E82B2A682903}.Release|x64.ActiveCfg = Release|Any CPU
		{60EC9FBB-2BA1-4F73-B881-E82B2A682903}.Release|x64.Build.0 = Release|Any CPU
		{60EC9FBB-2BA1-4F73-B881-E82B2A682903}.Release|x86.ActiveCfg = Release|Any CPU
		{60EC9FBB-2BA1-4F73-B881-E82B2A682903}.Release|x86.Build.0 = Release|Any CPU
	EndGlobalSection
	GlobalSection(NestedProjects) = preSolution
		{7B670400-BBDC-463A-A735-1616023B33CB} = {E611A981-6EEB-42EA-AA7F-020C499811B4}
		{C3BCB559-7EEC-4E71-A4E7-B673C9359C12} = {E611A981-6EEB-42EA-AA7F-020C499811B4}
		{D63C948A-BD45-489C-9A8C-79FF0B3678F5} = {E611A981-6EEB-42EA-AA7F-020C499811B4}
		{03FC3A1D-1D77-43C6-AC97-5F27E22B89AB} = {E611A981-6EEB-42EA-AA7F-020C499811B4}
		{85676288-0780-4A84-B197-3C3C478B95C7} = {E611A981-6EEB-42EA-AA7F-020C499811B4}
		{932FBC81-F82D-4418-9918-E08683C517F2} = {E611A981-6EEB-42EA-AA7F-020C499811B4}
		{60EC9FBB-2BA1-4F73-B881-E82B2A682903} = {E611A981-6EEB-42EA-AA7F-020C499811B4}
	EndGlobalSection
EndGlobal
