
Microsoft Visual Studio Solution File, Format Version 12.00
# Visual Studio 15
VisualStudioVersion = 15.0.26124.0
MinimumVisualStudioVersion = 15.0.26124.0
Project("{2150E333-8FDC-42A3-9474-1A3956D46DE8}") = "Akkamart", "Akkamart", "{E611A981-6EEB-42EA-AA7F-020C499811B4}"
EndProject
Project("{FAE04EC0-301F-11D3-BF4B-00C04F79EFBC}") = "Credentials", "Akkamart\Credentials\Credentials.csproj", "{7B670400-BBDC-463A-A735-1616023B33CB}"
EndProject
Project("{FAE04EC0-301F-11D3-BF4B-00C04F79EFBC}") = "Gateway", "Akkamart\Gateway\Gateway.csproj", "{C3BCB559-7EEC-4E71-A4E7-B673C9359C12}"
EndProject
Project("{FAE04EC0-301F-11D3-BF4B-00C04F79EFBC}") = "Memberships", "Akkamart\Memberships\Memberships.csproj", "{D63C948A-BD45-489C-9A8C-79FF0B3678F5}"
EndProject
Project("{FAE04EC0-301F-11D3-BF4B-00C04F79EFBC}") = "Messangers", "Akkamart\Messangers\Messangers.csproj", "{03FC3A1D-1D77-43C6-AC97-5F27E22B89AB}"
EndProject
Project("{FAE04EC0-301F-11D3-BF4B-00C04F79EFBC}") = "Seed1", "Akkamart\Seed1\Seed1.csproj", "{85676288-0780-4A84-B197-3C3C478B95C7}"
EndProject
Project("{FAE04EC0-301F-11D3-BF4B-00C04F79EFBC}") = "Seed2", "Akkamart\Seed2\Seed2.csproj", "{932FBC81-F82D-4418-9918-E08683C517F2}"
EndProject
Project("{FAE04EC0-301F-11D3-BF4B-00C04F79EFBC}") = "Shared", "Akkamart\Shared\Shared.csproj", "{60EC9FBB-2BA1-4F73-B881-E82B2A682903}"
EndProject
Project("{FAE04EC0-301F-11D3-BF4B-00C04F79EFBC}") = "Accounting", "Akkamart\Accounting\Accounting.csproj", "{E97840E2-A8E5-4E85-A685-5DFEB7BCD665}"
EndProject
Project("{FAE04EC0-301F-11D3-BF4B-00C04F79EFBC}") = "GeoLocator", "Akkamart\GeoLocator\GeoLocator.csproj", "{87F84093-3673-42DC-85F0-F04ABD5E0239}"
EndProject
Project("{FAE04EC0-301F-11D3-BF4B-00C04F79EFBC}") = "Marketign", "Akkamart\Marketign\Marketign.csproj", "{3F526A33-DDA6-4441-92AD-F697746DE9AC}"
EndProject
Project("{FAE04EC0-301F-11D3-BF4B-00C04F79EFBC}") = "Ordering", "Akkamart\Ordering\Ordering.csproj", "{1E08F6F6-E881-4E5A-B9D7-2ABBFF447E0A}"
EndProject
Project("{FAE04EC0-301F-11D3-BF4B-00C04F79EFBC}") = "Payments", "Akkamart\Payments\Payments.csproj", "{EF8430B4-7491-47BA-98D9-8593C14F4691}"
EndProject
Project("{FAE04EC0-301F-11D3-BF4B-00C04F79EFBC}") = "Stores", "Akkamart\Stores\Stores.csproj", "{75AD48D6-7C59-46D6-BBD6-A4807954AD40}"
EndProject
Project("{FAE04EC0-301F-11D3-BF4B-00C04F79EFBC}") = "Customers", "Akkamart\Customers\Customers.csproj", "{310416DD-C23C-4EB6-A372-3B387591E15B}"
EndProject
Project("{FAE04EC0-301F-11D3-BF4B-00C04F79EFBC}") = "Inventory", "Akkamart\Inventory\Inventory.csproj", "{7F465621-BA19-4ED5-A962-7F84B1E58ECF}"
EndProject
Project("{FAE04EC0-301F-11D3-BF4B-00C04F79EFBC}") = "Points", "Akkamart\Points\Points.csproj", "{83340546-A5FC-4C08-89CD-56D522F8D77A}"
EndProject
Project("{FAE04EC0-301F-11D3-BF4B-00C04F79EFBC}") = "Wallets", "Akkamart\Wallets\Wallets.csproj", "{974786F3-4C25-4A47-96B5-75C997FEEFE7}"
EndProject
Project("{FAE04EC0-301F-11D3-BF4B-00C04F79EFBC}") = "Catalogs", "Akkamart\Catalogs\Catalogs.csproj", "{CD2538DD-3031-4C18-96BD-011EC4C9DE0F}"
EndProject
Project("{FAE04EC0-301F-11D3-BF4B-00C04F79EFBC}") = "Products", "Akkamart\Products\Products.csproj", "{D7C86EB1-072A-4D4E-A83F-D339CBCBADDE}"
EndProject
Global
	GlobalSection(SolutionConfigurationPlatforms) = preSolution
		Debug|Any CPU = Debug|Any CPU
		Debug|x64 = Debug|x64
		Debug|x86 = Debug|x86
		Release|Any CPU = Release|Any CPU
		Release|x64 = Release|x64
		Release|x86 = Release|x86
	EndGlobalSection
	GlobalSection(SolutionProperties) = preSolution
		HideSolutionNode = FALSE
	EndGlobalSection
	GlobalSection(ProjectConfigurationPlatforms) = postSolution
		{7B670400-BBDC-463A-A735-1616023B33CB}.Debug|Any CPU.ActiveCfg = Debug|Any CPU
		{7B670400-BBDC-463A-A735-1616023B33CB}.Debug|Any CPU.Build.0 = Debug|Any CPU
		{7B670400-BBDC-463A-A735-1616023B33CB}.Debug|x64.ActiveCfg = Debug|Any CPU
		{7B670400-BBDC-463A-A735-1616023B33CB}.Debug|x64.Build.0 = Debug|Any CPU
		{7B670400-BBDC-463A-A735-1616023B33CB}.Debug|x86.ActiveCfg = Debug|Any CPU
		{7B670400-BBDC-463A-A735-1616023B33CB}.Debug|x86.Build.0 = Debug|Any CPU
		{7B670400-BBDC-463A-A735-1616023B33CB}.Release|Any CPU.ActiveCfg = Release|Any CPU
		{7B670400-BBDC-463A-A735-1616023B33CB}.Release|Any CPU.Build.0 = Release|Any CPU
		{7B670400-BBDC-463A-A735-1616023B33CB}.Release|x64.ActiveCfg = Release|Any CPU
		{7B670400-BBDC-463A-A735-1616023B33CB}.Release|x64.Build.0 = Release|Any CPU
		{7B670400-BBDC-463A-A735-1616023B33CB}.Release|x86.ActiveCfg = Release|Any CPU
		{7B670400-BBDC-463A-A735-1616023B33CB}.Release|x86.Build.0 = Release|Any CPU
		{C3BCB559-7EEC-4E71-A4E7-B673C9359C12}.Debug|Any CPU.ActiveCfg = Debug|Any CPU
		{C3BCB559-7EEC-4E71-A4E7-B673C9359C12}.Debug|Any CPU.Build.0 = Debug|Any CPU
		{C3BCB559-7EEC-4E71-A4E7-B673C9359C12}.Debug|x64.ActiveCfg = Debug|Any CPU
		{C3BCB559-7EEC-4E71-A4E7-B673C9359C12}.Debug|x64.Build.0 = Debug|Any CPU
		{C3BCB559-7EEC-4E71-A4E7-B673C9359C12}.Debug|x86.ActiveCfg = Debug|Any CPU
		{C3BCB559-7EEC-4E71-A4E7-B673C9359C12}.Debug|x86.Build.0 = Debug|Any CPU
		{C3BCB559-7EEC-4E71-A4E7-B673C9359C12}.Release|Any CPU.ActiveCfg = Release|Any CPU
		{C3BCB559-7EEC-4E71-A4E7-B673C9359C12}.Release|Any CPU.Build.0 = Release|Any CPU
		{C3BCB559-7EEC-4E71-A4E7-B673C9359C12}.Release|x64.ActiveCfg = Release|Any CPU
		{C3BCB559-7EEC-4E71-A4E7-B673C9359C12}.Release|x64.Build.0 = Release|Any CPU
		{C3BCB559-7EEC-4E71-A4E7-B673C9359C12}.Release|x86.ActiveCfg = Release|Any CPU
		{C3BCB559-7EEC-4E71-A4E7-B673C9359C12}.Release|x86.Build.0 = Release|Any CPU
		{D63C948A-BD45-489C-9A8C-79FF0B3678F5}.Debug|Any CPU.ActiveCfg = Debug|Any CPU
		{D63C948A-BD45-489C-9A8C-79FF0B3678F5}.Debug|Any CPU.Build.0 = Debug|Any CPU
		{D63C948A-BD45-489C-9A8C-79FF0B3678F5}.Debug|x64.ActiveCfg = Debug|Any CPU
		{D63C948A-BD45-489C-9A8C-79FF0B3678F5}.Debug|x64.Build.0 = Debug|Any CPU
		{D63C948A-BD45-489C-9A8C-79FF0B3678F5}.Debug|x86.ActiveCfg = Debug|Any CPU
		{D63C948A-BD45-489C-9A8C-79FF0B3678F5}.Debug|x86.Build.0 = Debug|Any CPU
		{D63C948A-BD45-489C-9A8C-79FF0B3678F5}.Release|Any CPU.ActiveCfg = Release|Any CPU
		{D63C948A-BD45-489C-9A8C-79FF0B3678F5}.Release|Any CPU.Build.0 = Release|Any CPU
		{D63C948A-BD45-489C-9A8C-79FF0B3678F5}.Release|x64.ActiveCfg = Release|Any CPU
		{D63C948A-BD45-489C-9A8C-79FF0B3678F5}.Release|x64.Build.0 = Release|Any CPU
		{D63C948A-BD45-489C-9A8C-79FF0B3678F5}.Release|x86.ActiveCfg = Release|Any CPU
		{D63C948A-BD45-489C-9A8C-79FF0B3678F5}.Release|x86.Build.0 = Release|Any CPU
		{03FC3A1D-1D77-43C6-AC97-5F27E22B89AB}.Debug|Any CPU.ActiveCfg = Debug|Any CPU
		{03FC3A1D-1D77-43C6-AC97-5F27E22B89AB}.Debug|Any CPU.Build.0 = Debug|Any CPU
		{03FC3A1D-1D77-43C6-AC97-5F27E22B89AB}.Debug|x64.ActiveCfg = Debug|Any CPU
		{03FC3A1D-1D77-43C6-AC97-5F27E22B89AB}.Debug|x64.Build.0 = Debug|Any CPU
		{03FC3A1D-1D77-43C6-AC97-5F27E22B89AB}.Debug|x86.ActiveCfg = Debug|Any CPU
		{03FC3A1D-1D77-43C6-AC97-5F27E22B89AB}.Debug|x86.Build.0 = Debug|Any CPU
		{03FC3A1D-1D77-43C6-AC97-5F27E22B89AB}.Release|Any CPU.ActiveCfg = Release|Any CPU
		{03FC3A1D-1D77-43C6-AC97-5F27E22B89AB}.Release|Any CPU.Build.0 = Release|Any CPU
		{03FC3A1D-1D77-43C6-AC97-5F27E22B89AB}.Release|x64.ActiveCfg = Release|Any CPU
		{03FC3A1D-1D77-43C6-AC97-5F27E22B89AB}.Release|x64.Build.0 = Release|Any CPU
		{03FC3A1D-1D77-43C6-AC97-5F27E22B89AB}.Release|x86.ActiveCfg = Release|Any CPU
		{03FC3A1D-1D77-43C6-AC97-5F27E22B89AB}.Release|x86.Build.0 = Release|Any CPU
		{85676288-0780-4A84-B197-3C3C478B95C7}.Debug|Any CPU.ActiveCfg = Debug|Any CPU
		{85676288-0780-4A84-B197-3C3C478B95C7}.Debug|Any CPU.Build.0 = Debug|Any CPU
		{85676288-0780-4A84-B197-3C3C478B95C7}.Debug|x64.ActiveCfg = Debug|Any CPU
		{85676288-0780-4A84-B197-3C3C478B95C7}.Debug|x64.Build.0 = Debug|Any CPU
		{85676288-0780-4A84-B197-3C3C478B95C7}.Debug|x86.ActiveCfg = Debug|Any CPU
		{85676288-0780-4A84-B197-3C3C478B95C7}.Debug|x86.Build.0 = Debug|Any CPU
		{85676288-0780-4A84-B197-3C3C478B95C7}.Release|Any CPU.ActiveCfg = Release|Any CPU
		{85676288-0780-4A84-B197-3C3C478B95C7}.Release|Any CPU.Build.0 = Release|Any CPU
		{85676288-0780-4A84-B197-3C3C478B95C7}.Release|x64.ActiveCfg = Release|Any CPU
		{85676288-0780-4A84-B197-3C3C478B95C7}.Release|x64.Build.0 = Release|Any CPU
		{85676288-0780-4A84-B197-3C3C478B95C7}.Release|x86.ActiveCfg = Release|Any CPU
		{85676288-0780-4A84-B197-3C3C478B95C7}.Release|x86.Build.0 = Release|Any CPU
		{932FBC81-F82D-4418-9918-E08683C517F2}.Debug|Any CPU.ActiveCfg = Debug|Any CPU
		{932FBC81-F82D-4418-9918-E08683C517F2}.Debug|Any CPU.Build.0 = Debug|Any CPU
		{932FBC81-F82D-4418-9918-E08683C517F2}.Debug|x64.ActiveCfg = Debug|Any CPU
		{932FBC81-F82D-4418-9918-E08683C517F2}.Debug|x64.Build.0 = Debug|Any CPU
		{932FBC81-F82D-4418-9918-E08683C517F2}.Debug|x86.ActiveCfg = Debug|Any CPU
		{932FBC81-F82D-4418-9918-E08683C517F2}.Debug|x86.Build.0 = Debug|Any CPU
		{932FBC81-F82D-4418-9918-E08683C517F2}.Release|Any CPU.ActiveCfg = Release|Any CPU
		{932FBC81-F82D-4418-9918-E08683C517F2}.Release|Any CPU.Build.0 = Release|Any CPU
		{932FBC81-F82D-4418-9918-E08683C517F2}.Release|x64.ActiveCfg = Release|Any CPU
		{932FBC81-F82D-4418-9918-E08683C517F2}.Release|x64.Build.0 = Release|Any CPU
		{932FBC81-F82D-4418-9918-E08683C517F2}.Release|x86.ActiveCfg = Release|Any CPU
		{932FBC81-F82D-4418-9918-E08683C517F2}.Release|x86.Build.0 = Release|Any CPU
		{60EC9FBB-2BA1-4F73-B881-E82B2A682903}.Debug|Any CPU.ActiveCfg = Debug|Any CPU
		{60EC9FBB-2BA1-4F73-B881-E82B2A682903}.Debug|Any CPU.Build.0 = Debug|Any CPU
		{60EC9FBB-2BA1-4F73-B881-E82B2A682903}.Debug|x64.ActiveCfg = Debug|Any CPU
		{60EC9FBB-2BA1-4F73-B881-E82B2A682903}.Debug|x64.Build.0 = Debug|Any CPU
		{60EC9FBB-2BA1-4F73-B881-E82B2A682903}.Debug|x86.ActiveCfg = Debug|Any CPU
		{60EC9FBB-2BA1-4F73-B881-E82B2A682903}.Debug|x86.Build.0 = Debug|Any CPU
		{60EC9FBB-2BA1-4F73-B881-E82B2A682903}.Release|Any CPU.ActiveCfg = Release|Any CPU
		{60EC9FBB-2BA1-4F73-B881-E82B2A682903}.Release|Any CPU.Build.0 = Release|Any CPU
		{60EC9FBB-2BA1-4F73-B881-E82B2A682903}.Release|x64.ActiveCfg = Release|Any CPU
		{60EC9FBB-2BA1-4F73-B881-E82B2A682903}.Release|x64.Build.0 = Release|Any CPU
		{60EC9FBB-2BA1-4F73-B881-E82B2A682903}.Release|x86.ActiveCfg = Release|Any CPU
		{60EC9FBB-2BA1-4F73-B881-E82B2A682903}.Release|x86.Build.0 = Release|Any CPU
		{E97840E2-A8E5-4E85-A685-5DFEB7BCD665}.Debug|Any CPU.ActiveCfg = Debug|Any CPU
		{E97840E2-A8E5-4E85-A685-5DFEB7BCD665}.Debug|Any CPU.Build.0 = Debug|Any CPU
		{E97840E2-A8E5-4E85-A685-5DFEB7BCD665}.Debug|x64.ActiveCfg = Debug|Any CPU
		{E97840E2-A8E5-4E85-A685-5DFEB7BCD665}.Debug|x64.Build.0 = Debug|Any CPU
		{E97840E2-A8E5-4E85-A685-5DFEB7BCD665}.Debug|x86.ActiveCfg = Debug|Any CPU
		{E97840E2-A8E5-4E85-A685-5DFEB7BCD665}.Debug|x86.Build.0 = Debug|Any CPU
		{E97840E2-A8E5-4E85-A685-5DFEB7BCD665}.Release|Any CPU.ActiveCfg = Release|Any CPU
		{E97840E2-A8E5-4E85-A685-5DFEB7BCD665}.Release|Any CPU.Build.0 = Release|Any CPU
		{E97840E2-A8E5-4E85-A685-5DFEB7BCD665}.Release|x64.ActiveCfg = Release|Any CPU
		{E97840E2-A8E5-4E85-A685-5DFEB7BCD665}.Release|x64.Build.0 = Release|Any CPU
		{E97840E2-A8E5-4E85-A685-5DFEB7BCD665}.Release|x86.ActiveCfg = Release|Any CPU
		{E97840E2-A8E5-4E85-A685-5DFEB7BCD665}.Release|x86.Build.0 = Release|Any CPU
		{87F84093-3673-42DC-85F0-F04ABD5E0239}.Debug|Any CPU.ActiveCfg = Debug|Any CPU
		{87F84093-3673-42DC-85F0-F04ABD5E0239}.Debug|Any CPU.Build.0 = Debug|Any CPU
		{87F84093-3673-42DC-85F0-F04ABD5E0239}.Debug|x64.ActiveCfg = Debug|Any CPU
		{87F84093-3673-42DC-85F0-F04ABD5E0239}.Debug|x64.Build.0 = Debug|Any CPU
		{87F84093-3673-42DC-85F0-F04ABD5E0239}.Debug|x86.ActiveCfg = Debug|Any CPU
		{87F84093-3673-42DC-85F0-F04ABD5E0239}.Debug|x86.Build.0 = Debug|Any CPU
		{87F84093-3673-42DC-85F0-F04ABD5E0239}.Release|Any CPU.ActiveCfg = Release|Any CPU
		{87F84093-3673-42DC-85F0-F04ABD5E0239}.Release|Any CPU.Build.0 = Release|Any CPU
		{87F84093-3673-42DC-85F0-F04ABD5E0239}.Release|x64.ActiveCfg = Release|Any CPU
		{87F84093-3673-42DC-85F0-F04ABD5E0239}.Release|x64.Build.0 = Release|Any CPU
		{87F84093-3673-42DC-85F0-F04ABD5E0239}.Release|x86.ActiveCfg = Release|Any CPU
		{87F84093-3673-42DC-85F0-F04ABD5E0239}.Release|x86.Build.0 = Release|Any CPU
		{3F526A33-DDA6-4441-92AD-F697746DE9AC}.Debug|Any CPU.ActiveCfg = Debug|Any CPU
		{3F526A33-DDA6-4441-92AD-F697746DE9AC}.Debug|Any CPU.Build.0 = Debug|Any CPU
		{3F526A33-DDA6-4441-92AD-F697746DE9AC}.Debug|x64.ActiveCfg = Debug|Any CPU
		{3F526A33-DDA6-4441-92AD-F697746DE9AC}.Debug|x64.Build.0 = Debug|Any CPU
		{3F526A33-DDA6-4441-92AD-F697746DE9AC}.Debug|x86.ActiveCfg = Debug|Any CPU
		{3F526A33-DDA6-4441-92AD-F697746DE9AC}.Debug|x86.Build.0 = Debug|Any CPU
		{3F526A33-DDA6-4441-92AD-F697746DE9AC}.Release|Any CPU.ActiveCfg = Release|Any CPU
		{3F526A33-DDA6-4441-92AD-F697746DE9AC}.Release|Any CPU.Build.0 = Release|Any CPU
		{3F526A33-DDA6-4441-92AD-F697746DE9AC}.Release|x64.ActiveCfg = Release|Any CPU
		{3F526A33-DDA6-4441-92AD-F697746DE9AC}.Release|x64.Build.0 = Release|Any CPU
		{3F526A33-DDA6-4441-92AD-F697746DE9AC}.Release|x86.ActiveCfg = Release|Any CPU
		{3F526A33-DDA6-4441-92AD-F697746DE9AC}.Release|x86.Build.0 = Release|Any CPU
		{1E08F6F6-E881-4E5A-B9D7-2ABBFF447E0A}.Debug|Any CPU.ActiveCfg = Debug|Any CPU
		{1E08F6F6-E881-4E5A-B9D7-2ABBFF447E0A}.Debug|Any CPU.Build.0 = Debug|Any CPU
		{1E08F6F6-E881-4E5A-B9D7-2ABBFF447E0A}.Debug|x64.ActiveCfg = Debug|Any CPU
		{1E08F6F6-E881-4E5A-B9D7-2ABBFF447E0A}.Debug|x64.Build.0 = Debug|Any CPU
		{1E08F6F6-E881-4E5A-B9D7-2ABBFF447E0A}.Debug|x86.ActiveCfg = Debug|Any CPU
		{1E08F6F6-E881-4E5A-B9D7-2ABBFF447E0A}.Debug|x86.Build.0 = Debug|Any CPU
		{1E08F6F6-E881-4E5A-B9D7-2ABBFF447E0A}.Release|Any CPU.ActiveCfg = Release|Any CPU
		{1E08F6F6-E881-4E5A-B9D7-2ABBFF447E0A}.Release|Any CPU.Build.0 = Release|Any CPU
		{1E08F6F6-E881-4E5A-B9D7-2ABBFF447E0A}.Release|x64.ActiveCfg = Release|Any CPU
		{1E08F6F6-E881-4E5A-B9D7-2ABBFF447E0A}.Release|x64.Build.0 = Release|Any CPU
		{1E08F6F6-E881-4E5A-B9D7-2ABBFF447E0A}.Release|x86.ActiveCfg = Release|Any CPU
		{1E08F6F6-E881-4E5A-B9D7-2ABBFF447E0A}.Release|x86.Build.0 = Release|Any CPU
		{EF8430B4-7491-47BA-98D9-8593C14F4691}.Debug|Any CPU.ActiveCfg = Debug|Any CPU
		{EF8430B4-7491-47BA-98D9-8593C14F4691}.Debug|Any CPU.Build.0 = Debug|Any CPU
		{EF8430B4-7491-47BA-98D9-8593C14F4691}.Debug|x64.ActiveCfg = Debug|Any CPU
		{EF8430B4-7491-47BA-98D9-8593C14F4691}.Debug|x64.Build.0 = Debug|Any CPU
		{EF8430B4-7491-47BA-98D9-8593C14F4691}.Debug|x86.ActiveCfg = Debug|Any CPU
		{EF8430B4-7491-47BA-98D9-8593C14F4691}.Debug|x86.Build.0 = Debug|Any CPU
		{EF8430B4-7491-47BA-98D9-8593C14F4691}.Release|Any CPU.ActiveCfg = Release|Any CPU
		{EF8430B4-7491-47BA-98D9-8593C14F4691}.Release|Any CPU.Build.0 = Release|Any CPU
		{EF8430B4-7491-47BA-98D9-8593C14F4691}.Release|x64.ActiveCfg = Release|Any CPU
		{EF8430B4-7491-47BA-98D9-8593C14F4691}.Release|x64.Build.0 = Release|Any CPU
		{EF8430B4-7491-47BA-98D9-8593C14F4691}.Release|x86.ActiveCfg = Release|Any CPU
		{EF8430B4-7491-47BA-98D9-8593C14F4691}.Release|x86.Build.0 = Release|Any CPU
		{75AD48D6-7C59-46D6-BBD6-A4807954AD40}.Debug|Any CPU.ActiveCfg = Debug|Any CPU
		{75AD48D6-7C59-46D6-BBD6-A4807954AD40}.Debug|Any CPU.Build.0 = Debug|Any CPU
		{75AD48D6-7C59-46D6-BBD6-A4807954AD40}.Debug|x64.ActiveCfg = Debug|Any CPU
		{75AD48D6-7C59-46D6-BBD6-A4807954AD40}.Debug|x64.Build.0 = Debug|Any CPU
		{75AD48D6-7C59-46D6-BBD6-A4807954AD40}.Debug|x86.ActiveCfg = Debug|Any CPU
		{75AD48D6-7C59-46D6-BBD6-A4807954AD40}.Debug|x86.Build.0 = Debug|Any CPU
		{75AD48D6-7C59-46D6-BBD6-A4807954AD40}.Release|Any CPU.ActiveCfg = Release|Any CPU
		{75AD48D6-7C59-46D6-BBD6-A4807954AD40}.Release|Any CPU.Build.0 = Release|Any CPU
		{75AD48D6-7C59-46D6-BBD6-A4807954AD40}.Release|x64.ActiveCfg = Release|Any CPU
		{75AD48D6-7C59-46D6-BBD6-A4807954AD40}.Release|x64.Build.0 = Release|Any CPU
		{75AD48D6-7C59-46D6-BBD6-A4807954AD40}.Release|x86.ActiveCfg = Release|Any CPU
		{75AD48D6-7C59-46D6-BBD6-A4807954AD40}.Release|x86.Build.0 = Release|Any CPU
		{310416DD-C23C-4EB6-A372-3B387591E15B}.Debug|Any CPU.ActiveCfg = Debug|Any CPU
		{310416DD-C23C-4EB6-A372-3B387591E15B}.Debug|Any CPU.Build.0 = Debug|Any CPU
		{310416DD-C23C-4EB6-A372-3B387591E15B}.Debug|x64.ActiveCfg = Debug|Any CPU
		{310416DD-C23C-4EB6-A372-3B387591E15B}.Debug|x64.Build.0 = Debug|Any CPU
		{310416DD-C23C-4EB6-A372-3B387591E15B}.Debug|x86.ActiveCfg = Debug|Any CPU
		{310416DD-C23C-4EB6-A372-3B387591E15B}.Debug|x86.Build.0 = Debug|Any CPU
		{310416DD-C23C-4EB6-A372-3B387591E15B}.Release|Any CPU.ActiveCfg = Release|Any CPU
		{310416DD-C23C-4EB6-A372-3B387591E15B}.Release|Any CPU.Build.0 = Release|Any CPU
		{310416DD-C23C-4EB6-A372-3B387591E15B}.Release|x64.ActiveCfg = Release|Any CPU
		{310416DD-C23C-4EB6-A372-3B387591E15B}.Release|x64.Build.0 = Release|Any CPU
		{310416DD-C23C-4EB6-A372-3B387591E15B}.Release|x86.ActiveCfg = Release|Any CPU
		{310416DD-C23C-4EB6-A372-3B387591E15B}.Release|x86.Build.0 = Release|Any CPU
		{7F465621-BA19-4ED5-A962-7F84B1E58ECF}.Debug|Any CPU.ActiveCfg = Debug|Any CPU
		{7F465621-BA19-4ED5-A962-7F84B1E58ECF}.Debug|Any CPU.Build.0 = Debug|Any CPU
		{7F465621-BA19-4ED5-A962-7F84B1E58ECF}.Debug|x64.ActiveCfg = Debug|Any CPU
		{7F465621-BA19-4ED5-A962-7F84B1E58ECF}.Debug|x64.Build.0 = Debug|Any CPU
		{7F465621-BA19-4ED5-A962-7F84B1E58ECF}.Debug|x86.ActiveCfg = Debug|Any CPU
		{7F465621-BA19-4ED5-A962-7F84B1E58ECF}.Debug|x86.Build.0 = Debug|Any CPU
		{7F465621-BA19-4ED5-A962-7F84B1E58ECF}.Release|Any CPU.ActiveCfg = Release|Any CPU
		{7F465621-BA19-4ED5-A962-7F84B1E58ECF}.Release|Any CPU.Build.0 = Release|Any CPU
		{7F465621-BA19-4ED5-A962-7F84B1E58ECF}.Release|x64.ActiveCfg = Release|Any CPU
		{7F465621-BA19-4ED5-A962-7F84B1E58ECF}.Release|x64.Build.0 = Release|Any CPU
		{7F465621-BA19-4ED5-A962-7F84B1E58ECF}.Release|x86.ActiveCfg = Release|Any CPU
		{7F465621-BA19-4ED5-A962-7F84B1E58ECF}.Release|x86.Build.0 = Release|Any CPU
		{83340546-A5FC-4C08-89CD-56D522F8D77A}.Debug|Any CPU.ActiveCfg = Debug|Any CPU
		{83340546-A5FC-4C08-89CD-56D522F8D77A}.Debug|Any CPU.Build.0 = Debug|Any CPU
		{83340546-A5FC-4C08-89CD-56D522F8D77A}.Debug|x64.ActiveCfg = Debug|Any CPU
		{83340546-A5FC-4C08-89CD-56D522F8D77A}.Debug|x64.Build.0 = Debug|Any CPU
		{83340546-A5FC-4C08-89CD-56D522F8D77A}.Debug|x86.ActiveCfg = Debug|Any CPU
		{83340546-A5FC-4C08-89CD-56D522F8D77A}.Debug|x86.Build.0 = Debug|Any CPU
		{83340546-A5FC-4C08-89CD-56D522F8D77A}.Release|Any CPU.ActiveCfg = Release|Any CPU
		{83340546-A5FC-4C08-89CD-56D522F8D77A}.Release|Any CPU.Build.0 = Release|Any CPU
		{83340546-A5FC-4C08-89CD-56D522F8D77A}.Release|x64.ActiveCfg = Release|Any CPU
		{83340546-A5FC-4C08-89CD-56D522F8D77A}.Release|x64.Build.0 = Release|Any CPU
		{83340546-A5FC-4C08-89CD-56D522F8D77A}.Release|x86.ActiveCfg = Release|Any CPU
		{83340546-A5FC-4C08-89CD-56D522F8D77A}.Release|x86.Build.0 = Release|Any CPU
		{974786F3-4C25-4A47-96B5-75C997FEEFE7}.Debug|Any CPU.ActiveCfg = Debug|Any CPU
		{974786F3-4C25-4A47-96B5-75C997FEEFE7}.Debug|Any CPU.Build.0 = Debug|Any CPU
		{974786F3-4C25-4A47-96B5-75C997FEEFE7}.Debug|x64.ActiveCfg = Debug|Any CPU
		{974786F3-4C25-4A47-96B5-75C997FEEFE7}.Debug|x64.Build.0 = Debug|Any CPU
		{974786F3-4C25-4A47-96B5-75C997FEEFE7}.Debug|x86.ActiveCfg = Debug|Any CPU
		{974786F3-4C25-4A47-96B5-75C997FEEFE7}.Debug|x86.Build.0 = Debug|Any CPU
		{974786F3-4C25-4A47-96B5-75C997FEEFE7}.Release|Any CPU.ActiveCfg = Release|Any CPU
		{974786F3-4C25-4A47-96B5-75C997FEEFE7}.Release|Any CPU.Build.0 = Release|Any CPU
		{974786F3-4C25-4A47-96B5-75C997FEEFE7}.Release|x64.ActiveCfg = Release|Any CPU
		{974786F3-4C25-4A47-96B5-75C997FEEFE7}.Release|x64.Build.0 = Release|Any CPU
		{974786F3-4C25-4A47-96B5-75C997FEEFE7}.Release|x86.ActiveCfg = Release|Any CPU
		{974786F3-4C25-4A47-96B5-75C997FEEFE7}.Release|x86.Build.0 = Release|Any CPU
		{CD2538DD-3031-4C18-96BD-011EC4C9DE0F}.Debug|Any CPU.ActiveCfg = Debug|Any CPU
		{CD2538DD-3031-4C18-96BD-011EC4C9DE0F}.Debug|Any CPU.Build.0 = Debug|Any CPU
		{CD2538DD-3031-4C18-96BD-011EC4C9DE0F}.Debug|x64.ActiveCfg = Debug|Any CPU
		{CD2538DD-3031-4C18-96BD-011EC4C9DE0F}.Debug|x64.Build.0 = Debug|Any CPU
		{CD2538DD-3031-4C18-96BD-011EC4C9DE0F}.Debug|x86.ActiveCfg = Debug|Any CPU
		{CD2538DD-3031-4C18-96BD-011EC4C9DE0F}.Debug|x86.Build.0 = Debug|Any CPU
		{CD2538DD-3031-4C18-96BD-011EC4C9DE0F}.Release|Any CPU.ActiveCfg = Release|Any CPU
		{CD2538DD-3031-4C18-96BD-011EC4C9DE0F}.Release|Any CPU.Build.0 = Release|Any CPU
		{CD2538DD-3031-4C18-96BD-011EC4C9DE0F}.Release|x64.ActiveCfg = Release|Any CPU
		{CD2538DD-3031-4C18-96BD-011EC4C9DE0F}.Release|x64.Build.0 = Release|Any CPU
		{CD2538DD-3031-4C18-96BD-011EC4C9DE0F}.Release|x86.ActiveCfg = Release|Any CPU
		{CD2538DD-3031-4C18-96BD-011EC4C9DE0F}.Release|x86.Build.0 = Release|Any CPU
		{D7C86EB1-072A-4D4E-A83F-D339CBCBADDE}.Debug|Any CPU.ActiveCfg = Debug|Any CPU
		{D7C86EB1-072A-4D4E-A83F-D339CBCBADDE}.Debug|Any CPU.Build.0 = Debug|Any CPU
		{D7C86EB1-072A-4D4E-A83F-D339CBCBADDE}.Debug|x64.ActiveCfg = Debug|Any CPU
		{D7C86EB1-072A-4D4E-A83F-D339CBCBADDE}.Debug|x64.Build.0 = Debug|Any CPU
		{D7C86EB1-072A-4D4E-A83F-D339CBCBADDE}.Debug|x86.ActiveCfg = Debug|Any CPU
		{D7C86EB1-072A-4D4E-A83F-D339CBCBADDE}.Debug|x86.Build.0 = Debug|Any CPU
		{D7C86EB1-072A-4D4E-A83F-D339CBCBADDE}.Release|Any CPU.ActiveCfg = Release|Any CPU
		{D7C86EB1-072A-4D4E-A83F-D339CBCBADDE}.Release|Any CPU.Build.0 = Release|Any CPU
		{D7C86EB1-072A-4D4E-A83F-D339CBCBADDE}.Release|x64.ActiveCfg = Release|Any CPU
		{D7C86EB1-072A-4D4E-A83F-D339CBCBADDE}.Release|x64.Build.0 = Release|Any CPU
		{D7C86EB1-072A-4D4E-A83F-D339CBCBADDE}.Release|x86.ActiveCfg = Release|Any CPU
		{D7C86EB1-072A-4D4E-A83F-D339CBCBADDE}.Release|x86.Build.0 = Release|Any CPU
	EndGlobalSection
	GlobalSection(NestedProjects) = preSolution
		{7B670400-BBDC-463A-A735-1616023B33CB} = {E611A981-6EEB-42EA-AA7F-020C499811B4}
		{C3BCB559-7EEC-4E71-A4E7-B673C9359C12} = {E611A981-6EEB-42EA-AA7F-020C499811B4}
		{D63C948A-BD45-489C-9A8C-79FF0B3678F5} = {E611A981-6EEB-42EA-AA7F-020C499811B4}
		{03FC3A1D-1D77-43C6-AC97-5F27E22B89AB} = {E611A981-6EEB-42EA-AA7F-020C499811B4}
		{85676288-0780-4A84-B197-3C3C478B95C7} = {E611A981-6EEB-42EA-AA7F-020C499811B4}
		{932FBC81-F82D-4418-9918-E08683C517F2} = {E611A981-6EEB-42EA-AA7F-020C499811B4}
		{60EC9FBB-2BA1-4F73-B881-E82B2A682903} = {E611A981-6EEB-42EA-AA7F-020C499811B4}
		{E97840E2-A8E5-4E85-A685-5DFEB7BCD665} = {E611A981-6EEB-42EA-AA7F-020C499811B4}
		{D7C86EB1-072A-4D4E-A83F-D339CBCBADDE} = {E611A981-6EEB-42EA-AA7F-020C499811B4}
	EndGlobalSection
EndGlobal
